// !$*UTF8*$!
{
	archiveVersion = 1;
	classes = {
	};
	objectVersion = 46;
	objects = {

/* Begin PBXBuildFile section */
		AD68964B1D3C5347007D5FA1 /* AppDelegate.swift in Sources */ = {isa = PBXBuildFile; fileRef = AD68964A1D3C5347007D5FA1 /* AppDelegate.swift */; };
		AD68964D1D3C5347007D5FA1 /* ViewController.swift in Sources */ = {isa = PBXBuildFile; fileRef = AD68964C1D3C5347007D5FA1 /* ViewController.swift */; };
		AD6896501D3C5347007D5FA1 /* Main.storyboard in Resources */ = {isa = PBXBuildFile; fileRef = AD68964E1D3C5347007D5FA1 /* Main.storyboard */; };
		AD6896521D3C5347007D5FA1 /* Assets.xcassets in Resources */ = {isa = PBXBuildFile; fileRef = AD6896511D3C5347007D5FA1 /* Assets.xcassets */; };
		AD6896551D3C5347007D5FA1 /* LaunchScreen.storyboard in Resources */ = {isa = PBXBuildFile; fileRef = AD6896531D3C5347007D5FA1 /* LaunchScreen.storyboard */; };
		AD68965D1D3C548C007D5FA1 /* FactModel.swift in Sources */ = {isa = PBXBuildFile; fileRef = AD68965C1D3C548C007D5FA1 /* FactModel.swift */; };
		AD68965F1D3C5B65007D5FA1 /* ColorModel.swift in Sources */ = {isa = PBXBuildFile; fileRef = AD68965E1D3C5B65007D5FA1 /* ColorModel.swift */; };
/* End PBXBuildFile section */

/* Begin PBXFileReference section */
		AD6896471D3C5347007D5FA1 /* FunFacts.app */ = {isa = PBXFileReference; explicitFileType = wrapper.application; includeInIndex = 0; path = FunFacts.app; sourceTree = BUILT_PRODUCTS_DIR; };
		AD68964A1D3C5347007D5FA1 /* AppDelegate.swift */ = {isa = PBXFileReference; lastKnownFileType = sourcecode.swift; path = AppDelegate.swift; sourceTree = "<group>"; };
		AD68964C1D3C5347007D5FA1 /* ViewController.swift */ = {isa = PBXFileReference; lastKnownFileType = sourcecode.swift; path = ViewController.swift; sourceTree = "<group>"; };
		AD68964F1D3C5347007D5FA1 /* Base */ = {isa = PBXFileReference; lastKnownFileType = file.storyboard; name = Base; path = Base.lproj/Main.storyboard; sourceTree = "<group>"; };
		AD6896511D3C5347007D5FA1 /* Assets.xcassets */ = {isa = PBXFileReference; lastKnownFileType = folder.assetcatalog; path = Assets.xcassets; sourceTree = "<group>"; };
		AD6896541D3C5347007D5FA1 /* Base */ = {isa = PBXFileReference; lastKnownFileType = file.storyboard; name = Base; path = Base.lproj/LaunchScreen.storyboard; sourceTree = "<group>"; };
		AD6896561D3C5347007D5FA1 /* Info.plist */ = {isa = PBXFileReference; lastKnownFileType = text.plist.xml; path = Info.plist; sourceTree = "<group>"; };
		AD68965C1D3C548C007D5FA1 /* FactModel.swift */ = {isa = PBXFileReference; fileEncoding = 4; lastKnownFileType = sourcecode.swift; path = FactModel.swift; sourceTree = "<group>"; };
		AD68965E1D3C5B65007D5FA1 /* ColorModel.swift */ = {isa = PBXFileReference; fileEncoding = 4; lastKnownFileType = sourcecode.swift; path = ColorModel.swift; sourceTree = "<group>"; };
/* End PBXFileReference section */

/* Begin PBXFrameworksBuildPhase section */
		AD6896441D3C5347007D5FA1 /* Frameworks */ = {
			isa = PBXFrameworksBuildPhase;
			buildActionMask = 2147483647;
			files = (
			);
			runOnlyForDeploymentPostprocessing = 0;
		};
/* End PBXFrameworksBuildPhase section */

/* Begin PBXGroup section */
		AD68963E1D3C5347007D5FA1 = {
			isa = PBXGroup;
			children = (
				AD6896491D3C5347007D5FA1 /* FunFacts */,
				AD6896481D3C5347007D5FA1 /* Products */,
			);
			sourceTree = "<group>";
		};
		AD6896481D3C5347007D5FA1 /* Products */ = {
			isa = PBXGroup;
			children = (
				AD6896471D3C5347007D5FA1 /* FunFacts.app */,
			);
			name = Products;
			sourceTree = "<group>";
		};
		AD6896491D3C5347007D5FA1 /* FunFacts */ = {
			isa = PBXGroup;
			children = (
				AD68964A1D3C5347007D5FA1 /* AppDelegate.swift */,
				AD68964C1D3C5347007D5FA1 /* ViewController.swift */,
				AD68964E1D3C5347007D5FA1 /* Main.storyboard */,
				AD6896511D3C5347007D5FA1 /* Assets.xcassets */,
				AD6896531D3C5347007D5FA1 /* LaunchScreen.storyboard */,
				AD6896561D3C5347007D5FA1 /* Info.plist */,
				AD68965C1D3C548C007D5FA1 /* FactModel.swift */,
				AD68965E1D3C5B65007D5FA1 /* ColorModel.swift */,
			);
			path = FunFacts;
			sourceTree = "<group>";
		};
/* End PBXGroup section */

/* Begin PBXNativeTarget section */
		AD6896461D3C5347007D5FA1 /* FunFacts */ = {
			isa = PBXNativeTarget;
			buildConfigurationList = AD6896591D3C5347007D5FA1 /* Build configuration list for PBXNativeTarget "FunFacts" */;
			buildPhases = (
				AD6896431D3C5347007D5FA1 /* Sources */,
				AD6896441D3C5347007D5FA1 /* Frameworks */,
				AD6896451D3C5347007D5FA1 /* Resources */,
			);
			buildRules = (
			);
			dependencies = (
			);
			name = FunFacts;
			productName = FunFacts;
			productReference = AD6896471D3C5347007D5FA1 /* FunFacts.app */;
			productType = "com.apple.product-type.application";
		};
/* End PBXNativeTarget section */

/* Begin PBXProject section */
		AD68963F1D3C5347007D5FA1 /* Project object */ = {
			isa = PBXProject;
			attributes = {
				LastSwiftUpdateCheck = 0730;
				LastUpgradeCheck = 0730;
				ORGANIZATIONNAME = "Alex Stophel";
				TargetAttributes = {
					AD6896461D3C5347007D5FA1 = {
						CreatedOnToolsVersion = 7.3.1;
					};
				};
			};
			buildConfigurationList = AD6896421D3C5347007D5FA1 /* Build configuration list for PBXProject "FunFacts" */;
			compatibilityVersion = "Xcode 3.2";
			developmentRegion = English;
			hasScannedForEncodings = 0;
			knownRegions = (
				en,
				Base,
			);
			mainGroup = AD68963E1D3C5347007D5FA1;
			productRefGroup = AD6896481D3C5347007D5FA1 /* Products */;
			projectDirPath = "";
			projectRoot = "";
			targets = (
				AD6896461D3C5347007D5FA1 /* FunFacts */,
			);
		};
/* End PBXProject section */

/* Begin PBXResourcesBuildPhase section */
		AD6896451D3C5347007D5FA1 /* Resources */ = {
			isa = PBXResourcesBuildPhase;
			buildActionMask = 2147483647;
			files = (
				AD6896551D3C5347007D5FA1 /* LaunchScreen.storyboard in Resources */,
				AD6896521D3C5347007D5FA1 /* Assets.xcassets in Resources */,
				AD6896501D3C5347007D5FA1 /* Main.storyboard in Resources */,
			);
			runOnlyForDeploymentPostprocessing = 0;
		};
/* End PBXResourcesBuildPhase section */

/* Begin PBXSourcesBuildPhase section */
		AD6896431D3C5347007D5FA1 /* Sources */ = {
			isa = PBXSourcesBuildPhase;
			buildActionMask = 2147483647;
			files = (
				AD68965D1D3C548C007D5FA1 /* FactModel.swift in Sources */,
				AD68964D1D3C5347007D5FA1 /* ViewController.swift in Sources */,
				AD68964B1D3C5347007D5FA1 /* AppDelegate.swift in Sources */,
				AD68965F1D3C5B65007D5FA1 /* ColorModel.swift in Sources */,
			);
			runOnlyForDeploymentPostprocessing = 0;
		};
/* End PBXSourcesBuildPhase section */

/* Begin PBXVariantGroup section */
		AD68964E1D3C5347007D5FA1 /* Main.storyboard */ = {
			isa = PBXVariantGroup;
			children = (
				AD68964F1D3C5347007D5FA1 /* Base */,
			);
			name = Main.storyboard;
			sourceTree = "<group>";
		};
		AD6896531D3C5347007D5FA1 /* LaunchScreen.storyboard */ = {
			isa = PBXVariantGroup;
			children = (
				AD6896541D3C5347007D5FA1 /* Base */,
			);
			name = LaunchScreen.storyboard;
			sourceTree = "<group>";
		};
/* End PBXVariantGroup section */

/* Begin XCBuildConfiguration section */
		AD6896571D3C5347007D5FA1 /* Debug */ = {
			isa = XCBuildConfiguration;
			buildSettings = {
				ALWAYS_SEARCH_USER_PATHS = NO;
				CLANG_ANALYZER_NONNULL = YES;
				CLANG_CXX_LANGUAGE_STANDARD = "gnu++0x";
				CLANG_CXX_LIBRARY = "libc++";
				CLANG_ENABLE_MODULES = YES;
				CLANG_ENABLE_OBJC_ARC = YES;
				CLANG_WARN_BOOL_CONVERSION = YES;
				CLANG_WARN_CONSTANT_CONVERSION = YES;
				CLANG_WARN_DIRECT_OBJC_ISA_USAGE = YES_ERROR;
				CLANG_WARN_EMPTY_BODY = YES;
				CLANG_WARN_ENUM_CONVERSION = YES;
				CLANG_WARN_INT_CONVERSION = YES;
				CLANG_WARN_OBJC_ROOT_CLASS = YES_ERROR;
				CLANG_WARN_UNREACHABLE_CODE = YES;
				CLANG_WARN__DUPLICATE_METHOD_MATCH = YES;
				"CODE_SIGN_IDENTITY[sdk=iphoneos*]" = "iPhone Developer";
				COPY_PHASE_STRIP = NO;
				DEBUG_INFORMATION_FORMAT = dwarf;
				ENABLE_STRICT_OBJC_MSGSEND = YES;
				ENABLE_TESTABILITY = YES;
				GCC_C_LANGUAGE_STANDARD = gnu99;
				GCC_DYNAMIC_NO_PIC = NO;
				GCC_NO_COMMON_BLOCKS = YES;
				GCC_OPTIMIZATION_LEVEL = 0;
				GCC_PREPROCESSOR_DEFINITIONS = (
					"DEBUG=1",
					"$(inherited)",
				);
				GCC_WARN_64_TO_32_BIT_CONVERSION = YES;
				GCC_WARN_ABOUT_RETURN_TYPE = YES_ERROR;
				GCC_WARN_UNDECLARED_SELECTOR = YES;
				GCC_WARN_UNINITIALIZED_AUTOS = YES_AGGRESSIVE;
				GCC_WARN_UNUSED_FUNCTION = YES;
				GCC_WARN_UNUSED_VARIABLE = YES;
				IPHONEOS_DEPLOYMENT_TARGET = 9.3;
				MTL_ENABLE_DEBUG_INFO = YES;
				ONLY_ACTIVE_ARCH = YES;
				SDKROOT = iphoneos;
				SWIFT_OPTIMIZATION_LEVEL = "-Onone";
			};
			name = Debug;
		};
		AD6896581D3C5347007D5FA1 /* Release */ = {
			isa = XCBuildConfiguration;
			buildSettings = {
				ALWAYS_SEARCH_USER_PATHS = NO;
				CLANG_ANALYZER_NONNULL = YES;
				CLANG_CXX_LANGUAGE_STANDARD = "gnu++0x";
				CLANG_CXX_LIBRARY = "libc++";
				CLANG_ENABLE_MODULES = YES;
				CLANG_ENABLE_OBJC_ARC = YES;
				CLANG_WARN_BOOL_CONVERSION = YES;
				CLANG_WARN_CONSTANT_CONVERSION = YES;
				CLANG_WARN_DIRECT_OBJC_ISA_USAGE = YES_ERROR;
				CLANG_WARN_EMPTY_BODY = YES;
				CLANG_WARN_ENUM_CONVERSION = YES;
				CLANG_WARN_INT_CONVERSION = YES;
				CLANG_WARN_OBJC_ROOT_CLASS = YES_ERROR;
				CLANG_WARN_UNREACHABLE_CODE = YES;
				CLANG_WARN__DUPLICATE_METHOD_MATCH = YES;
				"CODE_SIGN_IDENTITY[sdk=iphoneos*]" = "iPhone Developer";
				COPY_PHASE_STRIP = NO;
				DEBUG_INFORMATION_FORMAT = "dwarf-with-dsym";
				ENABLE_NS_ASSERTIONS = NO;
				ENABLE_STRICT_OBJC_MSGSEND = YES;
				GCC_C_LANGUAGE_STANDARD = gnu99;
				GCC_NO_COMMON_BLOCKS = YES;
				GCC_WARN_64_TO_32_BIT_CONVERSION = YES;
				GCC_WARN_ABOUT_RETURN_TYPE = YES_ERROR;
				GCC_WARN_UNDECLARED_SELECTOR = YES;
				GCC_WARN_UNINITIALIZED_AUTOS = YES_AGGRESSIVE;
				GCC_WARN_UNUSED_FUNCTION = YES;
				GCC_WARN_UNUSED_VARIABLE = YES;
				IPHONEOS_DEPLOYMENT_TARGET = 9.3;
				MTL_ENABLE_DEBUG_INFO = NO;
				SDKROOT = iphoneos;
				VALIDATE_PRODUCT = YES;
			};
			name = Release;
		};
		AD68965A1D3C5347007D5FA1 /* Debug */ = {
			isa = XCBuildConfiguration;
			buildSettings = {
				ASSETCATALOG_COMPILER_APPICON_NAME = AppIcon;
				INFOPLIST_FILE = FunFacts/Info.plist;
				LD_RUNPATH_SEARCH_PATHS = "$(inherited) @executable_path/Frameworks";
				PRODUCT_BUNDLE_IDENTIFIER = "com.Alex-Stophel.FunFacts";
				PRODUCT_NAME = "$(TARGET_NAME)";
			};
			name = Debug;
		};
		AD68965B1D3C5347007D5FA1 /* Release */ = {
			isa = XCBuildConfiguration;
			buildSettings = {
				ASSETCATALOG_COMPILER_APPICON_NAME = AppIcon;
				INFOPLIST_FILE = FunFacts/Info.plist;
				LD_RUNPATH_SEARCH_PATHS = "$(inherited) @executable_path/Frameworks";
				PRODUCT_BUNDLE_IDENTIFIER = "com.Alex-Stophel.FunFacts";
				PRODUCT_NAME = "$(TARGET_NAME)";
			};
			name = Release;
		};
/* End XCBuildConfiguration section */

/* Begin XCConfigurationList section */
		AD6896421D3C5347007D5FA1 /* Build configuration list for PBXProject "FunFacts" */ = {
			isa = XCConfigurationList;
			buildConfigurations = (
				AD6896571D3C5347007D5FA1 /* Debug */,
				AD6896581D3C5347007D5FA1 /* Release */,
			);
			defaultConfigurationIsVisible = 0;
			defaultConfigurationName = Release;
		};
		AD6896591D3C5347007D5FA1 /* Build configuration list for PBXNativeTarget "FunFacts" */ = {
			isa = XCConfigurationList;
			buildConfigurations = (
				AD68965A1D3C5347007D5FA1 /* Debug */,
				AD68965B1D3C5347007D5FA1 /* Release */,
			);
			defaultConfigurationIsVisible = 0;
		};
/* End XCConfigurationList section */
	};
	rootObject = AD68963F1D3C5347007D5FA1 /* Project object */;
}
